
Microsoft Visual Studio Solution File, Format Version 12.00
# Visual Studio Version 17
VisualStudioVersion = 17.9.34723.18
MinimumVisualStudioVersion = 10.0.40219.1
Project("{FAE04EC0-301F-11D3-BF4B-00C04F79EFBC}") = "Falloutsofteng", "Falloutsofteng\Falloutsofteng.csproj", "{C303FA7A-8302-42D8-AB9C-AF78D1580CB7}"
EndProject
Global
	GlobalSection(SolutionConfigurationPlatforms) = preSolution
		Debug|Any CPU = Debug|Any CPU
		Release|Any CPU = Release|Any CPU
	EndGlobalSection
	GlobalSection(ProjectConfigurationPlatforms) = postSolution
		{C303FA7A-8302-42D8-AB9C-AF78D1580CB7}.Debug|Any CPU.ActiveCfg = Debug|Any CPU
		{C303FA7A-8302-42D8-AB9C-AF78D1580CB7}.Debug|Any CPU.Build.0 = Debug|Any CPU
		{C303FA7A-8302-42D8-AB9C-AF78D1580CB7}.Release|Any CPU.ActiveCfg = Release|Any CPU
		{C303FA7A-8302-42D8-AB9C-AF78D1580CB7}.Release|Any CPU.Build.0 = Release|Any CPU
	EndGlobalSection
	GlobalSection(SolutionProperties) = preSolution
		HideSolutionNode = FALSE
	EndGlobalSection
	GlobalSection(ExtensibilityGlobals) = postSolution
		SolutionGuid = {95B82557-64B7-493C-B5B3-249A9B1C07BA}
	EndGlobalSection
EndGlobal
